<?xml version="1.0" encoding="utf-8"?>
<Project ToolsVersion="4.0" xmlns="http://schemas.microsoft.com/developer/msbuild/2003">
  <ItemGroup>
    <Filter Include="Utils">
      <UniqueIdentifier>{5095a12d-948c-4f02-b30d-ac8a74948916}</UniqueIdentifier>
    </Filter>
    <Filter Include="JSON_things">
      <UniqueIdentifier>{6b1de90d-4a47-4937-859c-99a944899185}</UniqueIdentifier>
    </Filter>
    <Filter Include="Main">
      <UniqueIdentifier>{e5739527-90dd-4016-bd3c-858b0093d42b}</UniqueIdentifier>
    </Filter>
    <Filter Include="Geometry">
      <UniqueIdentifier>{09c34b63-d26c-45f9-821a-2036432ae0ea}</UniqueIdentifier>
    </Filter>
    <Filter Include="Visual">
      <UniqueIdentifier>{d617e8e6-f5a4-46a8-9e1b-fbffd3c7e7ce}</UniqueIdentifier>
    </Filter>
    <Filter Include="Scripts">
      <UniqueIdentifier>{62c8ec14-40fa-48bc-a630-d17736ac2b57}</UniqueIdentifier>
    </Filter>
  </ItemGroup>
  <ItemGroup>
    <ClInclude Include="BadExceptions.h">
      <Filter>Utils</Filter>
    </ClInclude>
    <ClInclude Include="badUtility.h">
      <Filter>Utils</Filter>
    </ClInclude>
    <ClInclude Include="NumberGenerator.h">
      <Filter>Utils</Filter>
    </ClInclude>
    <ClInclude Include="Sequence.h">
      <Filter>Utils</Filter>
    </ClInclude>
    <ClInclude Include="SLList.h">
      <Filter>Utils</Filter>
    </ClInclude>
    <ClInclude Include="Stopwatch.h">
      <Filter>Utils</Filter>
    </ClInclude>
    <ClInclude Include="Configs.h">
      <Filter>JSON_things</Filter>
    </ClInclude>
    <ClInclude Include="Ray.h">
      <Filter>Geometry</Filter>
    </ClInclude>
    <ClInclude Include="Rectangle.h">
      <Filter>Geometry</Filter>
    </ClInclude>
    <ClInclude Include="UniformGrid.h">
      <Filter>Geometry</Filter>
    </ClInclude>
    <ClInclude Include="Vec2.h">
      <Filter>Geometry</Filter>
    </ClInclude>
    <ClInclude Include="Camera.h">
      <Filter>Visual</Filter>
    </ClInclude>
    <ClInclude Include="Color.h">
      <Filter>Visual</Filter>
    </ClInclude>
    <ClInclude Include="GraphicsSys.h">
      <Filter>Visual</Filter>
    </ClInclude>
    <ClInclude Include="Sprite.h">
      <Filter>Visual</Filter>
    </ClInclude>
    <ClInclude Include="Texture.h">
      <Filter>Visual</Filter>
    </ClInclude>
    <ClInclude Include="Scripts.h">
      <Filter>Scripts</Filter>
    </ClInclude>
    <ClInclude Include="SDLCleanUp.h">
      <Filter>Visual</Filter>
    </ClInclude>
  </ItemGroup>
  <ItemGroup>
    <ClCompile Include="main.cpp">
      <Filter>Main</Filter>
    </ClCompile>
    <ClCompile Include="Ray.cpp">
      <Filter>Geometry</Filter>
    </ClCompile>
    <ClCompile Include="GraphicsSys.cpp">
      <Filter>Visual</Filter>
    </ClCompile>
    <ClCompile Include="Sprite.cpp">
      <Filter>Visual</Filter>
    </ClCompile>
    <ClCompile Include="Scripts.cpp">
      <Filter>Scripts</Filter>
    </ClCompile>
    <ClCompile Include="UniformGrid.cpp">
      <Filter>Geometry</Filter>
    </ClCompile>
  </ItemGroup>
</Project>