<?xml version="1.0" encoding="utf-8"?>
<Project ToolsVersion="4.0" xmlns="http://schemas.microsoft.com/developer/msbuild/2003">
  <ItemGroup>
    <Filter Include="meta">
      <UniqueIdentifier>{4FC737F1-C7A5-4376-A066-2A32D752A2FF}</UniqueIdentifier>
      <Extensions>cpp;c;cc;cxx;c++;cppm;ixx;def;odl;idl;hpj;bat;asm;asmx</Extensions>
    </Filter>
    <Filter Include="files">
      <UniqueIdentifier>{94c06247-60fd-4fd4-a748-24d7c8f1df0c}</UniqueIdentifier>
    </Filter>
  </ItemGroup>
  <ItemGroup>
    <ClCompile Include="pch.cpp">
      <Filter>meta</Filter>
    </ClCompile>
    <ClCompile Include="AsyncLogger.cpp">
      <Filter>files</Filter>
    </ClCompile>
  </ItemGroup>
  <ItemGroup>
    <ClInclude Include="pch.h">
      <Filter>meta</Filter>
    </ClInclude>
    <ClInclude Include="Color.h">
      <Filter>files</Filter>
    </ClInclude>
    <ClInclude Include="RandomNum.h">
      <Filter>files</Filter>
    </ClInclude>
    <ClInclude Include="Stopwatch.h">
      <Filter>files</Filter>
    </ClInclude>
    <ClInclude Include="CoreUtils.h">
      <Filter>files</Filter>
    </ClInclude>
    <ClInclude Include="bString.h">
      <Filter>files</Filter>
    </ClInclude>
    <ClInclude Include="AsyncLogger.h">
      <Filter>files</Filter>
    </ClInclude>
    <ClInclude Include="badCore.h">
      <Filter>meta</Filter>
    </ClInclude>
    <ClInclude Include="SLList.h">
      <Filter>files</Filter>
    </ClInclude>
    <ClInclude Include="Sequence.h">
      <Filter>files</Filter>
    </ClInclude>
  </ItemGroup>
</Project>