<?xml version="1.0" encoding="utf-8"?>
<Project ToolsVersion="4.0" xmlns="http://schemas.microsoft.com/developer/msbuild/2003">
  <ItemGroup>
    <Filter Include="precomp">
      <UniqueIdentifier>{4FC737F1-C7A5-4376-A066-2A32D752A2FF}</UniqueIdentifier>
      <Extensions>cpp;c;cc;cxx;c++;cppm;ixx;def;odl;idl;hpj;bat;asm;asmx</Extensions>
    </Filter>
    <Filter Include="containers">
      <UniqueIdentifier>{e1ecadca-44e4-47cc-8a5c-1833fc01e813}</UniqueIdentifier>
    </Filter>
    <Filter Include="geometry">
      <UniqueIdentifier>{64998f31-83aa-401a-b66c-f2e7761eefbc}</UniqueIdentifier>
    </Filter>
    <Filter Include="misc">
      <UniqueIdentifier>{94c06247-60fd-4fd4-a748-24d7c8f1df0c}</UniqueIdentifier>
    </Filter>
    <Filter Include="Transforms">
      <UniqueIdentifier>{e2783a83-12b6-40c0-825a-dac60a400f96}</UniqueIdentifier>
    </Filter>
  </ItemGroup>
  <ItemGroup>
    <ClCompile Include="pch.cpp">
      <Filter>precomp</Filter>
    </ClCompile>
    <ClCompile Include="UniformGrid.cpp">
      <Filter>containers</Filter>
    </ClCompile>
    <ClCompile Include="RandomNum.cpp">
      <Filter>misc</Filter>
    </ClCompile>
    <ClCompile Include="Stopwatch.cpp">
      <Filter>misc</Filter>
    </ClCompile>
    <ClCompile Include="Make_Shape.cpp">
      <Filter>geometry</Filter>
    </ClCompile>
    <ClCompile Include="Collision.cpp">
      <Filter>geometry</Filter>
    </ClCompile>
    <ClCompile Include="Ray.cpp">
      <Filter>geometry</Filter>
    </ClCompile>
  </ItemGroup>
  <ItemGroup>
    <ClInclude Include="pch.h">
      <Filter>precomp</Filter>
    </ClInclude>
    <ClInclude Include="Color.h">
      <Filter>misc</Filter>
    </ClInclude>
    <ClInclude Include="UniformGrid.h">
      <Filter>containers</Filter>
    </ClInclude>
    <ClInclude Include="Sequence.h">
      <Filter>containers</Filter>
    </ClInclude>
    <ClInclude Include="SLList.h">
      <Filter>containers</Filter>
    </ClInclude>
    <ClInclude Include="RandomNum.h">
      <Filter>misc</Filter>
    </ClInclude>
    <ClInclude Include="Stopwatch.h">
      <Filter>misc</Filter>
    </ClInclude>
    <ClInclude Include="AABB.h">
      <Filter>geometry</Filter>
    </ClInclude>
    <ClInclude Include="bad_geometry.h">
      <Filter>geometry</Filter>
    </ClInclude>
    <ClInclude Include="vector.h">
      <Filter>geometry</Filter>
    </ClInclude>
    <ClInclude Include="bad_concepts.h">
      <Filter>misc</Filter>
    </ClInclude>
    <ClInclude Include="bad_utility.h">
      <Filter>misc</Filter>
    </ClInclude>
    <ClInclude Include="Make_Shape.h">
      <Filter>geometry</Filter>
    </ClInclude>
    <ClInclude Include="Matrix3.h">
      <Filter>Transforms</Filter>
    </ClInclude>
    <ClInclude Include="Camera.h">
      <Filter>misc</Filter>
    </ClInclude>
    <ClInclude Include="Ray.h">
      <Filter>geometry</Filter>
    </ClInclude>
    <ClInclude Include="Collision.h">
      <Filter>geometry</Filter>
    </ClInclude>
    <ClInclude Include="NoThrowException.h">
      <Filter>misc</Filter>
    </ClInclude>
  </ItemGroup>
</Project>