<?xml version="1.0" encoding="utf-8"?>
<Project ToolsVersion="4.0" xmlns="http://schemas.microsoft.com/developer/msbuild/2003">
  <ItemGroup>
    <Filter Include="Header Files">
      <UniqueIdentifier>{93995380-89BD-4b04-88EB-625FBE52EBFB}</UniqueIdentifier>
      <Extensions>h;hh;hpp;hxx;h++;hm;inl;inc;ipp;xsd</Extensions>
    </Filter>
  </ItemGroup>
  <ItemGroup>
    <ClInclude Include="pch.h">
      <Filter>Header Files</Filter>
    </ClInclude>
    <ClInclude Include="..\window_context\Texture.h">
      <Filter>Header Files</Filter>
    </ClInclude>
    <ClInclude Include="..\window_context\Sprite.h">
      <Filter>Header Files</Filter>
    </ClInclude>
    <ClInclude Include="..\window_context\Font.h">
      <Filter>Header Files</Filter>
    </ClInclude>
    <ClInclude Include="..\window_context\Canvas.h">
      <Filter>Header Files</Filter>
    </ClInclude>
    <ClInclude Include="..\window_context\Animatable.h">
      <Filter>Header Files</Filter>
    </ClInclude>
    <ClInclude Include="..\window_context\TextureMap.h">
      <Filter>Header Files</Filter>
    </ClInclude>
  </ItemGroup>
  <ItemGroup>
    <ClCompile Include="pch.cpp">
      <Filter>Header Files</Filter>
    </ClCompile>
    <ClCompile Include="..\window_context\Sprite.cpp">
      <Filter>Header Files</Filter>
    </ClCompile>
    <ClCompile Include="..\window_context\Font.cpp">
      <Filter>Header Files</Filter>
    </ClCompile>
    <ClCompile Include="..\window_context\Animatable.cpp">
      <Filter>Header Files</Filter>
    </ClCompile>
    <ClCompile Include="..\window_context\TextureMap.cpp">
      <Filter>Header Files</Filter>
    </ClCompile>
  </ItemGroup>
</Project>