<?xml version="1.0" encoding="utf-8"?>
<Project ToolsVersion="4.0" xmlns="http://schemas.microsoft.com/developer/msbuild/2003">
  <ItemGroup>
    <Filter Include="precomp">
      <UniqueIdentifier>{4FC737F1-C7A5-4376-A066-2A32D752A2FF}</UniqueIdentifier>
      <Extensions>cpp;c;cc;cxx;c++;cppm;ixx;def;odl;idl;hpj;bat;asm;asmx</Extensions>
    </Filter>
    <Filter Include="window_context">
      <UniqueIdentifier>{7698f939-48aa-4edf-8869-9e33b0226d4f}</UniqueIdentifier>
    </Filter>
    <Filter Include="TextureMap">
      <UniqueIdentifier>{3dcb193b-1e3f-4c5b-9a0c-6475169a56f3}</UniqueIdentifier>
    </Filter>
    <Filter Include="textures_types">
      <UniqueIdentifier>{d39b1bbc-88dd-4faf-9704-a961662f9fe2}</UniqueIdentifier>
    </Filter>
  </ItemGroup>
  <ItemGroup>
    <ClInclude Include="pch.h">
      <Filter>precomp</Filter>
    </ClInclude>
    <ClInclude Include="Texture.h">
      <Filter>textures_types</Filter>
    </ClInclude>
    <ClInclude Include="Sprite.h">
      <Filter>textures_types</Filter>
    </ClInclude>
    <ClInclude Include="Canvas.h">
      <Filter>textures_types</Filter>
    </ClInclude>
    <ClInclude Include="WindowContext.h">
      <Filter>window_context</Filter>
    </ClInclude>
    <ClInclude Include="TextureMap.h">
      <Filter>TextureMap</Filter>
    </ClInclude>
    <ClInclude Include="Animatable.h">
      <Filter>textures_types</Filter>
    </ClInclude>
    <ClInclude Include="Font.h">
      <Filter>textures_types</Filter>
    </ClInclude>
  </ItemGroup>
  <ItemGroup>
    <ClCompile Include="pch.cpp">
      <Filter>precomp</Filter>
    </ClCompile>
    <ClCompile Include="Texture.cpp">
      <Filter>textures_types</Filter>
    </ClCompile>
    <ClCompile Include="Sprite.cpp">
      <Filter>textures_types</Filter>
    </ClCompile>
    <ClCompile Include="Canvas.cpp">
      <Filter>textures_types</Filter>
    </ClCompile>
    <ClCompile Include="WindowContext.cpp">
      <Filter>window_context</Filter>
    </ClCompile>
    <ClCompile Include="Animatable.cpp">
      <Filter>textures_types</Filter>
    </ClCompile>
    <ClCompile Include="Font.cpp">
      <Filter>textures_types</Filter>
    </ClCompile>
    <ClCompile Include="TextureMap.cpp">
      <Filter>TextureMap</Filter>
    </ClCompile>
  </ItemGroup>
</Project>